// !$*UTF8*$!
{
	archiveVersion = 1;
	classes = {
	};
	objectVersion = 55;
	objects = {

/* Begin PBXBuildFile section */
		0EB1E2672892250B00DCDDB8 /* AzureSpeechRecognizerApp.swift in Sources */ = {isa = PBXBuildFile; fileRef = 0EB1E2662892250B00DCDDB8 /* AzureSpeechRecognizerApp.swift */; };
		0EB1E2692892250B00DCDDB8 /* ContentView.swift in Sources */ = {isa = PBXBuildFile; fileRef = 0EB1E2682892250B00DCDDB8 /* ContentView.swift */; };
		0EB1E26B2892250E00DCDDB8 /* Assets.xcassets in Resources */ = {isa = PBXBuildFile; fileRef = 0EB1E26A2892250E00DCDDB8 /* Assets.xcassets */; };
		0EB1E26E2892250E00DCDDB8 /* Preview Assets.xcassets in Resources */ = {isa = PBXBuildFile; fileRef = 0EB1E26D2892250E00DCDDB8 /* Preview Assets.xcassets */; };
		0EB1E27528922DF200DCDDB8 /* ApiKey.plist in Resources */ = {isa = PBXBuildFile; fileRef = 0EB1E27428922DF200DCDDB8 /* ApiKey.plist */; };
		0EB1E27728922E6800DCDDB8 /* KeyManager.swift in Sources */ = {isa = PBXBuildFile; fileRef = 0EB1E27628922E6800DCDDB8 /* KeyManager.swift */; };
		0EB1E27928923AE800DCDDB8 /* RequestBuilder.swift in Sources */ = {isa = PBXBuildFile; fileRef = 0EB1E27828923AE800DCDDB8 /* RequestBuilder.swift */; };
		0EB1E27B28923B7C00DCDDB8 /* Recorder.swift in Sources */ = {isa = PBXBuildFile; fileRef = 0EB1E27A28923B7C00DCDDB8 /* Recorder.swift */; };
		0EB1E27D28923E3300DCDDB8 /* ViewModel.swift in Sources */ = {isa = PBXBuildFile; fileRef = 0EB1E27C28923E3300DCDDB8 /* ViewModel.swift */; };
		0EB1E27F289272F600DCDDB8 /* SpeechService.swift in Sources */ = {isa = PBXBuildFile; fileRef = 0EB1E27E289272F600DCDDB8 /* SpeechService.swift */; };
		0EED224328B4D04300EB0896 /* Audio.swift in Sources */ = {isa = PBXBuildFile; fileRef = 0EED224228B4D04300EB0896 /* Audio.swift */; };
/* End PBXBuildFile section */

/* Begin PBXFileReference section */
		0EB1E2632892250B00DCDDB8 /* AzureSpeechRecognizer.app */ = {isa = PBXFileReference; explicitFileType = wrapper.application; includeInIndex = 0; path = AzureSpeechRecognizer.app; sourceTree = BUILT_PRODUCTS_DIR; };
		0EB1E2662892250B00DCDDB8 /* AzureSpeechRecognizerApp.swift */ = {isa = PBXFileReference; lastKnownFileType = sourcecode.swift; path = AzureSpeechRecognizerApp.swift; sourceTree = "<group>"; };
		0EB1E2682892250B00DCDDB8 /* ContentView.swift */ = {isa = PBXFileReference; lastKnownFileType = sourcecode.swift; path = ContentView.swift; sourceTree = "<group>"; };
		0EB1E26A2892250E00DCDDB8 /* Assets.xcassets */ = {isa = PBXFileReference; lastKnownFileType = folder.assetcatalog; path = Assets.xcassets; sourceTree = "<group>"; };
		0EB1E26D2892250E00DCDDB8 /* Preview Assets.xcassets */ = {isa = PBXFileReference; lastKnownFileType = folder.assetcatalog; path = "Preview Assets.xcassets"; sourceTree = "<group>"; };
		0EB1E27428922DF200DCDDB8 /* ApiKey.plist */ = {isa = PBXFileReference; lastKnownFileType = text.plist.xml; path = ApiKey.plist; sourceTree = "<group>"; };
		0EB1E27628922E6800DCDDB8 /* KeyManager.swift */ = {isa = PBXFileReference; lastKnownFileType = sourcecode.swift; path = KeyManager.swift; sourceTree = "<group>"; };
		0EB1E27828923AE800DCDDB8 /* RequestBuilder.swift */ = {isa = PBXFileReference; fileEncoding = 4; lastKnownFileType = sourcecode.swift; path = RequestBuilder.swift; sourceTree = "<group>"; };
		0EB1E27A28923B7C00DCDDB8 /* Recorder.swift */ = {isa = PBXFileReference; lastKnownFileType = sourcecode.swift; path = Recorder.swift; sourceTree = "<group>"; };
		0EB1E27C28923E3300DCDDB8 /* ViewModel.swift */ = {isa = PBXFileReference; lastKnownFileType = sourcecode.swift; path = ViewModel.swift; sourceTree = "<group>"; };
		0EB1E27E289272F600DCDDB8 /* SpeechService.swift */ = {isa = PBXFileReference; fileEncoding = 4; lastKnownFileType = sourcecode.swift; path = SpeechService.swift; sourceTree = "<group>"; };
		0EED224228B4D04300EB0896 /* Audio.swift */ = {isa = PBXFileReference; lastKnownFileType = sourcecode.swift; path = Audio.swift; sourceTree = "<group>"; };
/* End PBXFileReference section */

/* Begin PBXFrameworksBuildPhase section */
		0EB1E2602892250B00DCDDB8 /* Frameworks */ = {
			isa = PBXFrameworksBuildPhase;
			buildActionMask = 2147483647;
			files = (
			);
			runOnlyForDeploymentPostprocessing = 0;
		};
/* End PBXFrameworksBuildPhase section */

/* Begin PBXGroup section */
		0EB1E25A2892250B00DCDDB8 = {
			isa = PBXGroup;
			children = (
				0EB1E2652892250B00DCDDB8 /* AzureSpeechRecognizer */,
				0EB1E2642892250B00DCDDB8 /* Products */,
			);
			sourceTree = "<group>";
		};
		0EB1E2642892250B00DCDDB8 /* Products */ = {
			isa = PBXGroup;
			children = (
				0EB1E2632892250B00DCDDB8 /* AzureSpeechRecognizer.app */,
			);
			name = Products;
			sourceTree = "<group>";
		};
		0EB1E2652892250B00DCDDB8 /* AzureSpeechRecognizer */ = {
			isa = PBXGroup;
			children = (
				0EB1E2662892250B00DCDDB8 /* AzureSpeechRecognizerApp.swift */,
				0EED224428B4D05300EB0896 /* View */,
				0EED224128B4D03600EB0896 /* ViewModel */,
				0EED224028B4D03200EB0896 /* Model */,
				0EED224628B4D06500EB0896 /* Utils */,
				0EED224528B4D05D00EB0896 /* Resources */,
				0EB1E26C2892250E00DCDDB8 /* Preview Content */,
			);
			path = AzureSpeechRecognizer;
			sourceTree = "<group>";
		};
		0EB1E26C2892250E00DCDDB8 /* Preview Content */ = {
			isa = PBXGroup;
			children = (
				0EB1E26D2892250E00DCDDB8 /* Preview Assets.xcassets */,
			);
			path = "Preview Content";
			sourceTree = "<group>";
		};
		0EED224028B4D03200EB0896 /* Model */ = {
			isa = PBXGroup;
			children = (
				0EED224228B4D04300EB0896 /* Audio.swift */,
			);
			path = Model;
			sourceTree = "<group>";
		};
		0EED224128B4D03600EB0896 /* ViewModel */ = {
			isa = PBXGroup;
			children = (
				0EB1E27C28923E3300DCDDB8 /* ViewModel.swift */,
			);
			path = ViewModel;
			sourceTree = "<group>";
		};
		0EED224428B4D05300EB0896 /* View */ = {
			isa = PBXGroup;
			children = (
				0EB1E2682892250B00DCDDB8 /* ContentView.swift */,
			);
			path = View;
			sourceTree = "<group>";
		};
		0EED224528B4D05D00EB0896 /* Resources */ = {
			isa = PBXGroup;
			children = (
				0EB1E26A2892250E00DCDDB8 /* Assets.xcassets */,
				0EB1E27428922DF200DCDDB8 /* ApiKey.plist */,
			);
			path = Resources;
			sourceTree = "<group>";
		};
		0EED224628B4D06500EB0896 /* Utils */ = {
			isa = PBXGroup;
			children = (
				0EB1E27628922E6800DCDDB8 /* KeyManager.swift */,
				0EB1E27828923AE800DCDDB8 /* RequestBuilder.swift */,
				0EB1E27A28923B7C00DCDDB8 /* Recorder.swift */,
				0EB1E27E289272F600DCDDB8 /* SpeechService.swift */,
			);
			path = Utils;
			sourceTree = "<group>";
		};
/* End PBXGroup section */

/* Begin PBXNativeTarget section */
		0EB1E2622892250B00DCDDB8 /* AzureSpeechRecognizer */ = {
			isa = PBXNativeTarget;
			buildConfigurationList = 0EB1E2712892250E00DCDDB8 /* Build configuration list for PBXNativeTarget "AzureSpeechRecognizer" */;
			buildPhases = (
				0EB1E25F2892250B00DCDDB8 /* Sources */,
				0EB1E2602892250B00DCDDB8 /* Frameworks */,
				0EB1E2612892250B00DCDDB8 /* Resources */,
			);
			buildRules = (
			);
			dependencies = (
			);
			name = AzureSpeechRecognizer;
			productName = AzureSpeechRecognizer;
			productReference = 0EB1E2632892250B00DCDDB8 /* AzureSpeechRecognizer.app */;
			productType = "com.apple.product-type.application";
		};
/* End PBXNativeTarget section */

/* Begin PBXProject section */
		0EB1E25B2892250B00DCDDB8 /* Project object */ = {
			isa = PBXProject;
			attributes = {
				BuildIndependentTargetsInParallel = 1;
				LastSwiftUpdateCheck = 1340;
				LastUpgradeCheck = 1340;
				TargetAttributes = {
					0EB1E2622892250B00DCDDB8 = {
						CreatedOnToolsVersion = 13.4.1;
					};
				};
			};
			buildConfigurationList = 0EB1E25E2892250B00DCDDB8 /* Build configuration list for PBXProject "AzureSpeechRecognizer" */;
			compatibilityVersion = "Xcode 13.0";
			developmentRegion = en;
			hasScannedForEncodings = 0;
			knownRegions = (
				en,
				Base,
			);
			mainGroup = 0EB1E25A2892250B00DCDDB8;
			productRefGroup = 0EB1E2642892250B00DCDDB8 /* Products */;
			projectDirPath = "";
			projectRoot = "";
			targets = (
				0EB1E2622892250B00DCDDB8 /* AzureSpeechRecognizer */,
			);
		};
/* End PBXProject section */

/* Begin PBXResourcesBuildPhase section */
		0EB1E2612892250B00DCDDB8 /* Resources */ = {
			isa = PBXResourcesBuildPhase;
			buildActionMask = 2147483647;
			files = (
				0EB1E27528922DF200DCDDB8 /* ApiKey.plist in Resources */,
				0EB1E26E2892250E00DCDDB8 /* Preview Assets.xcassets in Resources */,
				0EB1E26B2892250E00DCDDB8 /* Assets.xcassets in Resources */,
			);
			runOnlyForDeploymentPostprocessing = 0;
		};
/* End PBXResourcesBuildPhase section */

/* Begin PBXSourcesBuildPhase section */
		0EB1E25F2892250B00DCDDB8 /* Sources */ = {
			isa = PBXSourcesBuildPhase;
			buildActionMask = 2147483647;
			files = (
				0EED224328B4D04300EB0896 /* Audio.swift in Sources */,
				0EB1E27B28923B7C00DCDDB8 /* Recorder.swift in Sources */,
				0EB1E2692892250B00DCDDB8 /* ContentView.swift in Sources */,
				0EB1E2672892250B00DCDDB8 /* AzureSpeechRecognizerApp.swift in Sources */,
				0EB1E27728922E6800DCDDB8 /* KeyManager.swift in Sources */,
				0EB1E27F289272F600DCDDB8 /* SpeechService.swift in Sources */,
				0EB1E27D28923E3300DCDDB8 /* ViewModel.swift in Sources */,
				0EB1E27928923AE800DCDDB8 /* RequestBuilder.swift in Sources */,
			);
			runOnlyForDeploymentPostprocessing = 0;
		};
/* End PBXSourcesBuildPhase section */

/* Begin XCBuildConfiguration section */
		0EB1E26F2892250E00DCDDB8 /* Debug */ = {
			isa = XCBuildConfiguration;
			buildSettings = {
				ALWAYS_SEARCH_USER_PATHS = NO;
				CLANG_ANALYZER_NONNULL = YES;
				CLANG_ANALYZER_NUMBER_OBJECT_CONVERSION = YES_AGGRESSIVE;
				CLANG_CXX_LANGUAGE_STANDARD = "gnu++17";
				CLANG_ENABLE_MODULES = YES;
				CLANG_ENABLE_OBJC_ARC = YES;
				CLANG_ENABLE_OBJC_WEAK = YES;
				CLANG_WARN_BLOCK_CAPTURE_AUTORELEASING = YES;
				CLANG_WARN_BOOL_CONVERSION = YES;
				CLANG_WARN_COMMA = YES;
				CLANG_WARN_CONSTANT_CONVERSION = YES;
				CLANG_WARN_DEPRECATED_OBJC_IMPLEMENTATIONS = YES;
				CLANG_WARN_DIRECT_OBJC_ISA_USAGE = YES_ERROR;
				CLANG_WARN_DOCUMENTATION_COMMENTS = YES;
				CLANG_WARN_EMPTY_BODY = YES;
				CLANG_WARN_ENUM_CONVERSION = YES;
				CLANG_WARN_INFINITE_RECURSION = YES;
				CLANG_WARN_INT_CONVERSION = YES;
				CLANG_WARN_NON_LITERAL_NULL_CONVERSION = YES;
				CLANG_WARN_OBJC_IMPLICIT_RETAIN_SELF = YES;
				CLANG_WARN_OBJC_LITERAL_CONVERSION = YES;
				CLANG_WARN_OBJC_ROOT_CLASS = YES_ERROR;
				CLANG_WARN_QUOTED_INCLUDE_IN_FRAMEWORK_HEADER = YES;
				CLANG_WARN_RANGE_LOOP_ANALYSIS = YES;
				CLANG_WARN_STRICT_PROTOTYPES = YES;
				CLANG_WARN_SUSPICIOUS_MOVE = YES;
				CLANG_WARN_UNGUARDED_AVAILABILITY = YES_AGGRESSIVE;
				CLANG_WARN_UNREACHABLE_CODE = YES;
				CLANG_WARN__DUPLICATE_METHOD_MATCH = YES;
				COPY_PHASE_STRIP = NO;
				DEBUG_INFORMATION_FORMAT = dwarf;
				ENABLE_STRICT_OBJC_MSGSEND = YES;
				ENABLE_TESTABILITY = YES;
				GCC_C_LANGUAGE_STANDARD = gnu11;
				GCC_DYNAMIC_NO_PIC = NO;
				GCC_NO_COMMON_BLOCKS = YES;
				GCC_OPTIMIZATION_LEVEL = 0;
				GCC_PREPROCESSOR_DEFINITIONS = (
					"DEBUG=1",
					"$(inherited)",
				);
				GCC_WARN_64_TO_32_BIT_CONVERSION = YES;
				GCC_WARN_ABOUT_RETURN_TYPE = YES_ERROR;
				GCC_WARN_UNDECLARED_SELECTOR = YES;
				GCC_WARN_UNINITIALIZED_AUTOS = YES_AGGRESSIVE;
				GCC_WARN_UNUSED_FUNCTION = YES;
				GCC_WARN_UNUSED_VARIABLE = YES;
				IPHONEOS_DEPLOYMENT_TARGET = 15.5;
				MTL_ENABLE_DEBUG_INFO = INCLUDE_SOURCE;
				MTL_FAST_MATH = YES;
				ONLY_ACTIVE_ARCH = YES;
				SDKROOT = iphoneos;
				SWIFT_ACTIVE_COMPILATION_CONDITIONS = DEBUG;
				SWIFT_OPTIMIZATION_LEVEL = "-Onone";
			};
			name = Debug;
		};
		0EB1E2702892250E00DCDDB8 /* Release */ = {
			isa = XCBuildConfiguration;
			buildSettings = {
				ALWAYS_SEARCH_USER_PATHS = NO;
				CLANG_ANALYZER_NONNULL = YES;
				CLANG_ANALYZER_NUMBER_OBJECT_CONVERSION = YES_AGGRESSIVE;
				CLANG_CXX_LANGUAGE_STANDARD = "gnu++17";
				CLANG_ENABLE_MODULES = YES;
				CLANG_ENABLE_OBJC_ARC = YES;
				CLANG_ENABLE_OBJC_WEAK = YES;
				CLANG_WARN_BLOCK_CAPTURE_AUTORELEASING = YES;
				CLANG_WARN_BOOL_CONVERSION = YES;
				CLANG_WARN_COMMA = YES;
				CLANG_WARN_CONSTANT_CONVERSION = YES;
				CLANG_WARN_DEPRECATED_OBJC_IMPLEMENTATIONS = YES;
				CLANG_WARN_DIRECT_OBJC_ISA_USAGE = YES_ERROR;
				CLANG_WARN_DOCUMENTATION_COMMENTS = YES;
				CLANG_WARN_EMPTY_BODY = YES;
				CLANG_WARN_ENUM_CONVERSION = YES;
				CLANG_WARN_INFINITE_RECURSION = YES;
				CLANG_WARN_INT_CONVERSION = YES;
				CLANG_WARN_NON_LITERAL_NULL_CONVERSION = YES;
				CLANG_WARN_OBJC_IMPLICIT_RETAIN_SELF = YES;
				CLANG_WARN_OBJC_LITERAL_CONVERSION = YES;
				CLANG_WARN_OBJC_ROOT_CLASS = YES_ERROR;
				CLANG_WARN_QUOTED_INCLUDE_IN_FRAMEWORK_HEADER = YES;
				CLANG_WARN_RANGE_LOOP_ANALYSIS = YES;
				CLANG_WARN_STRICT_PROTOTYPES = YES;
				CLANG_WARN_SUSPICIOUS_MOVE = YES;
				CLANG_WARN_UNGUARDED_AVAILABILITY = YES_AGGRESSIVE;
				CLANG_WARN_UNREACHABLE_CODE = YES;
				CLANG_WARN__DUPLICATE_METHOD_MATCH = YES;
				COPY_PHASE_STRIP = NO;
				DEBUG_INFORMATION_FORMAT = "dwarf-with-dsym";
				ENABLE_NS_ASSERTIONS = NO;
				ENABLE_STRICT_OBJC_MSGSEND = YES;
				GCC_C_LANGUAGE_STANDARD = gnu11;
				GCC_NO_COMMON_BLOCKS = YES;
				GCC_WARN_64_TO_32_BIT_CONVERSION = YES;
				GCC_WARN_ABOUT_RETURN_TYPE = YES_ERROR;
				GCC_WARN_UNDECLARED_SELECTOR = YES;
				GCC_WARN_UNINITIALIZED_AUTOS = YES_AGGRESSIVE;
				GCC_WARN_UNUSED_FUNCTION = YES;
				GCC_WARN_UNUSED_VARIABLE = YES;
				IPHONEOS_DEPLOYMENT_TARGET = 15.5;
				MTL_ENABLE_DEBUG_INFO = NO;
				MTL_FAST_MATH = YES;
				SDKROOT = iphoneos;
				SWIFT_COMPILATION_MODE = wholemodule;
				SWIFT_OPTIMIZATION_LEVEL = "-O";
				VALIDATE_PRODUCT = YES;
			};
			name = Release;
		};
		0EB1E2722892250E00DCDDB8 /* Debug */ = {
			isa = XCBuildConfiguration;
			buildSettings = {
				ASSETCATALOG_COMPILER_APPICON_NAME = AppIcon;
				ASSETCATALOG_COMPILER_GLOBAL_ACCENT_COLOR_NAME = AccentColor;
				CODE_SIGN_STYLE = Automatic;
				CURRENT_PROJECT_VERSION = 1;
				DEVELOPMENT_ASSET_PATHS = "\"AzureSpeechRecognizer/Preview Content\"";
				DEVELOPMENT_TEAM = R6YNJ9HW8W;
				ENABLE_PREVIEWS = YES;
				GENERATE_INFOPLIST_FILE = YES;
				INFOPLIST_KEY_NSMicrophoneUsageDescription = "マイク";
				INFOPLIST_KEY_NSSpeechRecognitionUsageDescription = "スピーチ";
				INFOPLIST_KEY_UIApplicationSceneManifest_Generation = YES;
				INFOPLIST_KEY_UIApplicationSupportsIndirectInputEvents = YES;
				INFOPLIST_KEY_UILaunchScreen_Generation = YES;
				INFOPLIST_KEY_UISupportedInterfaceOrientations_iPad = "UIInterfaceOrientationPortrait UIInterfaceOrientationPortraitUpsideDown UIInterfaceOrientationLandscapeLeft UIInterfaceOrientationLandscapeRight";
				INFOPLIST_KEY_UISupportedInterfaceOrientations_iPhone = "UIInterfaceOrientationPortrait UIInterfaceOrientationLandscapeLeft UIInterfaceOrientationLandscapeRight";
				LD_RUNPATH_SEARCH_PATHS = (
					"$(inherited)",
					"@executable_path/Frameworks",
				);
				MARKETING_VERSION = 1.0;
				PRODUCT_BUNDLE_IDENTIFIER = "com.k-aoki.AzureSpeechRecognizer";
				PRODUCT_NAME = "$(TARGET_NAME)";
				SWIFT_EMIT_LOC_STRINGS = YES;
				SWIFT_VERSION = 5.0;
				TARGETED_DEVICE_FAMILY = "1,2";
			};
			name = Debug;
		};
		0EB1E2732892250E00DCDDB8 /* Release */ = {
			isa = XCBuildConfiguration;
			buildSettings = {
				ASSETCATALOG_COMPILER_APPICON_NAME = AppIcon;
				ASSETCATALOG_COMPILER_GLOBAL_ACCENT_COLOR_NAME = AccentColor;
				CODE_SIGN_STYLE = Automatic;
				CURRENT_PROJECT_VERSION = 1;
				DEVELOPMENT_ASSET_PATHS = "\"AzureSpeechRecognizer/Preview Content\"";
				DEVELOPMENT_TEAM = R6YNJ9HW8W;
				ENABLE_PREVIEWS = YES;
				GENERATE_INFOPLIST_FILE = YES;
				INFOPLIST_KEY_NSMicrophoneUsageDescription = "マイク";
				INFOPLIST_KEY_NSSpeechRecognitionUsageDescription = "スピーチ";
				INFOPLIST_KEY_UIApplicationSceneManifest_Generation = YES;
				INFOPLIST_KEY_UIApplicationSupportsIndirectInputEvents = YES;
				INFOPLIST_KEY_UILaunchScreen_Generation = YES;
				INFOPLIST_KEY_UISupportedInterfaceOrientations_iPad = "UIInterfaceOrientationPortrait UIInterfaceOrientationPortraitUpsideDown UIInterfaceOrientationLandscapeLeft UIInterfaceOrientationLandscapeRight";
				INFOPLIST_KEY_UISupportedInterfaceOrientations_iPhone = "UIInterfaceOrientationPortrait UIInterfaceOrientationLandscapeLeft UIInterfaceOrientationLandscapeRight";
				LD_RUNPATH_SEARCH_PATHS = (
					"$(inherited)",
					"@executable_path/Frameworks",
				);
				MARKETING_VERSION = 1.0;
				PRODUCT_BUNDLE_IDENTIFIER = "com.k-aoki.AzureSpeechRecognizer";
				PRODUCT_NAME = "$(TARGET_NAME)";
				SWIFT_EMIT_LOC_STRINGS = YES;
				SWIFT_VERSION = 5.0;
				TARGETED_DEVICE_FAMILY = "1,2";
			};
			name = Release;
		};
/* End XCBuildConfiguration section */

/* Begin XCConfigurationList section */
		0EB1E25E2892250B00DCDDB8 /* Build configuration list for PBXProject "AzureSpeechRecognizer" */ = {
			isa = XCConfigurationList;
			buildConfigurations = (
				0EB1E26F2892250E00DCDDB8 /* Debug */,
				0EB1E2702892250E00DCDDB8 /* Release */,
			);
			defaultConfigurationIsVisible = 0;
			defaultConfigurationName = Release;
		};
		0EB1E2712892250E00DCDDB8 /* Build configuration list for PBXNativeTarget "AzureSpeechRecognizer" */ = {
			isa = XCConfigurationList;
			buildConfigurations = (
				0EB1E2722892250E00DCDDB8 /* Debug */,
				0EB1E2732892250E00DCDDB8 /* Release */,
			);
			defaultConfigurationIsVisible = 0;
			defaultConfigurationName = Release;
		};
/* End XCConfigurationList section */
	};
	rootObject = 0EB1E25B2892250B00DCDDB8 /* Project object */;
}
